
Microsoft Visual Studio Solution File, Format Version 11.00
# Visual Studio 2010
Project("{FAE04EC0-301F-11D3-BF4B-00C04F79EFBC}") = "Draggable", "Assembly-CSharp.csproj", "{5487F417-5E6A-E775-CF58-C585F9723BE0}"
EndProject
Project("{FAE04EC0-301F-11D3-BF4B-00C04F79EFBC}") = "Draggable", "Assembly-CSharp-Editor.csproj", "{B23A66AB-49C7-7729-740C-86F8288D0031}"
EndProject
Global
	GlobalSection(SolutionConfigurationPlatforms) = preSolution
		Debug|Any CPU = Debug|Any CPU
		Release|Any CPU = Release|Any CPU
	EndGlobalSection
	GlobalSection(ProjectConfigurationPlatforms) = postSolution
		{5487F417-5E6A-E775-CF58-C585F9723BE0}.Debug|Any CPU.ActiveCfg = Debug|Any CPU
		{5487F417-5E6A-E775-CF58-C585F9723BE0}.Debug|Any CPU.Build.0 = Debug|Any CPU
		{5487F417-5E6A-E775-CF58-C585F9723BE0}.Release|Any CPU.ActiveCfg = Release|Any CPU
		{5487F417-5E6A-E775-CF58-C585F9723BE0}.Release|Any CPU.Build.0 = Release|Any CPU
		{B23A66AB-49C7-7729-740C-86F8288D0031}.Debug|Any CPU.ActiveCfg = Debug|Any CPU
		{B23A66AB-49C7-7729-740C-86F8288D0031}.Debug|Any CPU.Build.0 = Debug|Any CPU
		{B23A66AB-49C7-7729-740C-86F8288D0031}.Release|Any CPU.ActiveCfg = Release|Any CPU
		{B23A66AB-49C7-7729-740C-86F8288D0031}.Release|Any CPU.Build.0 = Release|Any CPU
	EndGlobalSection
	GlobalSection(SolutionProperties) = preSolution
		HideSolutionNode = FALSE
	EndGlobalSection
	GlobalSection(MonoDevelopProperties) = preSolution
		StartupItem = Assembly-CSharp.csproj
	EndGlobalSection
EndGlobal
